// !$*UTF8*$!
{
	archiveVersion = 1;
	classes = {
	};
	objectVersion = 46;
	objects = {

/* Begin PBXBuildFile section */
		875E8F621AB32A84002AB3AC /* main.m in Sources */ = {isa = PBXBuildFile; fileRef = 875E8F611AB32A84002AB3AC /* main.m */; };
		875E8F651AB32A84002AB3AC /* AppDelegate.m in Sources */ = {isa = PBXBuildFile; fileRef = 875E8F641AB32A84002AB3AC /* AppDelegate.m */; };
		875E8F681AB32A84002AB3AC /* ViewController.m in Sources */ = {isa = PBXBuildFile; fileRef = 875E8F671AB32A84002AB3AC /* ViewController.m */; };
		875E8F6B1AB32A84002AB3AC /* Main.storyboard in Resources */ = {isa = PBXBuildFile; fileRef = 875E8F691AB32A84002AB3AC /* Main.storyboard */; };
		875E8F6D1AB32A84002AB3AC /* Images.xcassets in Resources */ = {isa = PBXBuildFile; fileRef = 875E8F6C1AB32A84002AB3AC /* Images.xcassets */; };
		875E8F701AB32A84002AB3AC /* LaunchScreen.xib in Resources */ = {isa = PBXBuildFile; fileRef = 875E8F6E1AB32A84002AB3AC /* LaunchScreen.xib */; };
		875E8F7C1AB32A84002AB3AC /* ModelViewControllerTests.m in Sources */ = {isa = PBXBuildFile; fileRef = 875E8F7B1AB32A84002AB3AC /* ModelViewControllerTests.m */; };
/* End PBXBuildFile section */

/* Begin PBXContainerItemProxy section */
		875E8F761AB32A84002AB3AC /* PBXContainerItemProxy */ = {
			isa = PBXContainerItemProxy;
			containerPortal = 875E8F541AB32A84002AB3AC /* Project object */;
			proxyType = 1;
			remoteGlobalIDString = 875E8F5B1AB32A84002AB3AC;
			remoteInfo = ModelViewController;
		};
/* End PBXContainerItemProxy section */

/* Begin PBXFileReference section */
		875E8F5C1AB32A84002AB3AC /* ModelViewController.app */ = {isa = PBXFileReference; explicitFileType = wrapper.application; includeInIndex = 0; path = ModelViewController.app; sourceTree = BUILT_PRODUCTS_DIR; };
		875E8F601AB32A84002AB3AC /* Info.plist */ = {isa = PBXFileReference; lastKnownFileType = text.plist.xml; path = Info.plist; sourceTree = "<group>"; };
		875E8F611AB32A84002AB3AC /* main.m */ = {isa = PBXFileReference; lastKnownFileType = sourcecode.c.objc; path = main.m; sourceTree = "<group>"; };
		875E8F631AB32A84002AB3AC /* AppDelegate.h */ = {isa = PBXFileReference; lastKnownFileType = sourcecode.c.h; path = AppDelegate.h; sourceTree = "<group>"; };
		875E8F641AB32A84002AB3AC /* AppDelegate.m */ = {isa = PBXFileReference; lastKnownFileType = sourcecode.c.objc; path = AppDelegate.m; sourceTree = "<group>"; };
		875E8F661AB32A84002AB3AC /* ViewController.h */ = {isa = PBXFileReference; lastKnownFileType = sourcecode.c.h; path = ViewController.h; sourceTree = "<group>"; };
		875E8F671AB32A84002AB3AC /* ViewController.m */ = {isa = PBXFileReference; lastKnownFileType = sourcecode.c.objc; path = ViewController.m; sourceTree = "<group>"; };
		875E8F6A1AB32A84002AB3AC /* Base */ = {isa = PBXFileReference; lastKnownFileType = file.storyboard; name = Base; path = Base.lproj/Main.storyboard; sourceTree = "<group>"; };
		875E8F6C1AB32A84002AB3AC /* Images.xcassets */ = {isa = PBXFileReference; lastKnownFileType = folder.assetcatalog; path = Images.xcassets; sourceTree = "<group>"; };
		875E8F6F1AB32A84002AB3AC /* Base */ = {isa = PBXFileReference; lastKnownFileType = file.xib; name = Base; path = Base.lproj/LaunchScreen.xib; sourceTree = "<group>"; };
		875E8F751AB32A84002AB3AC /* ModelViewControllerTests.xctest */ = {isa = PBXFileReference; explicitFileType = wrapper.cfbundle; includeInIndex = 0; path = ModelViewControllerTests.xctest; sourceTree = BUILT_PRODUCTS_DIR; };
		875E8F7A1AB32A84002AB3AC /* Info.plist */ = {isa = PBXFileReference; lastKnownFileType = text.plist.xml; path = Info.plist; sourceTree = "<group>"; };
		875E8F7B1AB32A84002AB3AC /* ModelViewControllerTests.m */ = {isa = PBXFileReference; lastKnownFileType = sourcecode.c.objc; path = ModelViewControllerTests.m; sourceTree = "<group>"; };
/* End PBXFileReference section */

/* Begin PBXFrameworksBuildPhase section */
		875E8F591AB32A84002AB3AC /* Frameworks */ = {
			isa = PBXFrameworksBuildPhase;
			buildActionMask = 2147483647;
			files = (
			);
			runOnlyForDeploymentPostprocessing = 0;
		};
		875E8F721AB32A84002AB3AC /* Frameworks */ = {
			isa = PBXFrameworksBuildPhase;
			buildActionMask = 2147483647;
			files = (
			);
			runOnlyForDeploymentPostprocessing = 0;
		};
/* End PBXFrameworksBuildPhase section */

/* Begin PBXGroup section */
		875E8F531AB32A84002AB3AC = {
			isa = PBXGroup;
			children = (
				875E8F5E1AB32A84002AB3AC /* ModelViewController */,
				875E8F781AB32A84002AB3AC /* ModelViewControllerTests */,
				875E8F5D1AB32A84002AB3AC /* Products */,
			);
			sourceTree = "<group>";
		};
		875E8F5D1AB32A84002AB3AC /* Products */ = {
			isa = PBXGroup;
			children = (
				875E8F5C1AB32A84002AB3AC /* ModelViewController.app */,
				875E8F751AB32A84002AB3AC /* ModelViewControllerTests.xctest */,
			);
			name = Products;
			sourceTree = "<group>";
		};
		875E8F5E1AB32A84002AB3AC /* ModelViewController */ = {
			isa = PBXGroup;
			children = (
				875E8F631AB32A84002AB3AC /* AppDelegate.h */,
				875E8F641AB32A84002AB3AC /* AppDelegate.m */,
				875E8F661AB32A84002AB3AC /* ViewController.h */,
				875E8F671AB32A84002AB3AC /* ViewController.m */,
				875E8F691AB32A84002AB3AC /* Main.storyboard */,
				875E8F6C1AB32A84002AB3AC /* Images.xcassets */,
				875E8F6E1AB32A84002AB3AC /* LaunchScreen.xib */,
				875E8F5F1AB32A84002AB3AC /* Supporting Files */,
			);
			path = ModelViewController;
			sourceTree = "<group>";
		};
		875E8F5F1AB32A84002AB3AC /* Supporting Files */ = {
			isa = PBXGroup;
			children = (
				875E8F601AB32A84002AB3AC /* Info.plist */,
				875E8F611AB32A84002AB3AC /* main.m */,
			);
			name = "Supporting Files";
			sourceTree = "<group>";
		};
		875E8F781AB32A84002AB3AC /* ModelViewControllerTests */ = {
			isa = PBXGroup;
			children = (
				875E8F7B1AB32A84002AB3AC /* ModelViewControllerTests.m */,
				875E8F791AB32A84002AB3AC /* Supporting Files */,
			);
			path = ModelViewControllerTests;
			sourceTree = "<group>";
		};
		875E8F791AB32A84002AB3AC /* Supporting Files */ = {
			isa = PBXGroup;
			children = (
				875E8F7A1AB32A84002AB3AC /* Info.plist */,
			);
			name = "Supporting Files";
			sourceTree = "<group>";
		};
/* End PBXGroup section */

/* Begin PBXNativeTarget section */
		875E8F5B1AB32A84002AB3AC /* ModelViewController */ = {
			isa = PBXNativeTarget;
			buildConfigurationList = 875E8F7F1AB32A84002AB3AC /* Build configuration list for PBXNativeTarget "ModelViewController" */;
			buildPhases = (
				875E8F581AB32A84002AB3AC /* Sources */,
				875E8F591AB32A84002AB3AC /* Frameworks */,
				875E8F5A1AB32A84002AB3AC /* Resources */,
			);
			buildRules = (
			);
			dependencies = (
			);
			name = ModelViewController;
			productName = ModelViewController;
			productReference = 875E8F5C1AB32A84002AB3AC /* ModelViewController.app */;
			productType = "com.apple.product-type.application";
		};
		875E8F741AB32A84002AB3AC /* ModelViewControllerTests */ = {
			isa = PBXNativeTarget;
			buildConfigurationList = 875E8F821AB32A84002AB3AC /* Build configuration list for PBXNativeTarget "ModelViewControllerTests" */;
			buildPhases = (
				875E8F711AB32A84002AB3AC /* Sources */,
				875E8F721AB32A84002AB3AC /* Frameworks */,
				875E8F731AB32A84002AB3AC /* Resources */,
			);
			buildRules = (
			);
			dependencies = (
				875E8F771AB32A84002AB3AC /* PBXTargetDependency */,
			);
			name = ModelViewControllerTests;
			productName = ModelViewControllerTests;
			productReference = 875E8F751AB32A84002AB3AC /* ModelViewControllerTests.xctest */;
			productType = "com.apple.product-type.bundle.unit-test";
		};
/* End PBXNativeTarget section */

/* Begin PBXProject section */
		875E8F541AB32A84002AB3AC /* Project object */ = {
			isa = PBXProject;
			attributes = {
				LastUpgradeCheck = 0620;
				ORGANIZATIONNAME = "Martin Biermann";
				TargetAttributes = {
					875E8F5B1AB32A84002AB3AC = {
						CreatedOnToolsVersion = 6.2;
					};
					875E8F741AB32A84002AB3AC = {
						CreatedOnToolsVersion = 6.2;
						TestTargetID = 875E8F5B1AB32A84002AB3AC;
					};
				};
			};
			buildConfigurationList = 875E8F571AB32A84002AB3AC /* Build configuration list for PBXProject "ModelViewController" */;
			compatibilityVersion = "Xcode 3.2";
			developmentRegion = English;
			hasScannedForEncodings = 0;
			knownRegions = (
				en,
				Base,
			);
			mainGroup = 875E8F531AB32A84002AB3AC;
			productRefGroup = 875E8F5D1AB32A84002AB3AC /* Products */;
			projectDirPath = "";
			projectRoot = "";
			targets = (
				875E8F5B1AB32A84002AB3AC /* ModelViewController */,
				875E8F741AB32A84002AB3AC /* ModelViewControllerTests */,
			);
		};
/* End PBXProject section */

/* Begin PBXResourcesBuildPhase section */
		875E8F5A1AB32A84002AB3AC /* Resources */ = {
			isa = PBXResourcesBuildPhase;
			buildActionMask = 2147483647;
			files = (
				875E8F6B1AB32A84002AB3AC /* Main.storyboard in Resources */,
				875E8F701AB32A84002AB3AC /* LaunchScreen.xib in Resources */,
				875E8F6D1AB32A84002AB3AC /* Images.xcassets in Resources */,
			);
			runOnlyForDeploymentPostprocessing = 0;
		};
		875E8F731AB32A84002AB3AC /* Resources */ = {
			isa = PBXResourcesBuildPhase;
			buildActionMask = 2147483647;
			files = (
			);
			runOnlyForDeploymentPostprocessing = 0;
		};
/* End PBXResourcesBuildPhase section */

/* Begin PBXSourcesBuildPhase section */
		875E8F581AB32A84002AB3AC /* Sources */ = {
			isa = PBXSourcesBuildPhase;
			buildActionMask = 2147483647;
			files = (
				875E8F681AB32A84002AB3AC /* ViewController.m in Sources */,
				875E8F651AB32A84002AB3AC /* AppDelegate.m in Sources */,
				875E8F621AB32A84002AB3AC /* main.m in Sources */,
			);
			runOnlyForDeploymentPostprocessing = 0;
		};
		875E8F711AB32A84002AB3AC /* Sources */ = {
			isa = PBXSourcesBuildPhase;
			buildActionMask = 2147483647;
			files = (
				875E8F7C1AB32A84002AB3AC /* ModelViewControllerTests.m in Sources */,
			);
			runOnlyForDeploymentPostprocessing = 0;
		};
/* End PBXSourcesBuildPhase section */

/* Begin PBXTargetDependency section */
		875E8F771AB32A84002AB3AC /* PBXTargetDependency */ = {
			isa = PBXTargetDependency;
			target = 875E8F5B1AB32A84002AB3AC /* ModelViewController */;
			targetProxy = 875E8F761AB32A84002AB3AC /* PBXContainerItemProxy */;
		};
/* End PBXTargetDependency section */

/* Begin PBXVariantGroup section */
		875E8F691AB32A84002AB3AC /* Main.storyboard */ = {
			isa = PBXVariantGroup;
			children = (
				875E8F6A1AB32A84002AB3AC /* Base */,
			);
			name = Main.storyboard;
			sourceTree = "<group>";
		};
		875E8F6E1AB32A84002AB3AC /* LaunchScreen.xib */ = {
			isa = PBXVariantGroup;
			children = (
				875E8F6F1AB32A84002AB3AC /* Base */,
			);
			name = LaunchScreen.xib;
			sourceTree = "<group>";
		};
/* End PBXVariantGroup section */

/* Begin XCBuildConfiguration section */
		875E8F7D1AB32A84002AB3AC /* Debug */ = {
			isa = XCBuildConfiguration;
			buildSettings = {
				ALWAYS_SEARCH_USER_PATHS = NO;
				CLANG_CXX_LANGUAGE_STANDARD = "gnu++0x";
				CLANG_CXX_LIBRARY = "libc++";
				CLANG_ENABLE_MODULES = YES;
				CLANG_ENABLE_OBJC_ARC = YES;
				CLANG_WARN_BOOL_CONVERSION = YES;
				CLANG_WARN_CONSTANT_CONVERSION = YES;
				CLANG_WARN_DIRECT_OBJC_ISA_USAGE = YES_ERROR;
				CLANG_WARN_EMPTY_BODY = YES;
				CLANG_WARN_ENUM_CONVERSION = YES;
				CLANG_WARN_INT_CONVERSION = YES;
				CLANG_WARN_OBJC_ROOT_CLASS = YES_ERROR;
				CLANG_WARN_UNREACHABLE_CODE = YES;
				CLANG_WARN__DUPLICATE_METHOD_MATCH = YES;
				"CODE_SIGN_IDENTITY[sdk=iphoneos*]" = "iPhone Developer";
				COPY_PHASE_STRIP = NO;
				ENABLE_STRICT_OBJC_MSGSEND = YES;
				GCC_C_LANGUAGE_STANDARD = gnu99;
				GCC_DYNAMIC_NO_PIC = NO;
				GCC_OPTIMIZATION_LEVEL = 0;
				GCC_PREPROCESSOR_DEFINITIONS = (
					"DEBUG=1",
					"$(inherited)",
				);
				GCC_SYMBOLS_PRIVATE_EXTERN = NO;
				GCC_WARN_64_TO_32_BIT_CONVERSION = YES;
				GCC_WARN_ABOUT_RETURN_TYPE = YES_ERROR;
				GCC_WARN_UNDECLARED_SELECTOR = YES;
				GCC_WARN_UNINITIALIZED_AUTOS = YES_AGGRESSIVE;
				GCC_WARN_UNUSED_FUNCTION = YES;
				GCC_WARN_UNUSED_VARIABLE = YES;
				IPHONEOS_DEPLOYMENT_TARGET = 8.2;
				MTL_ENABLE_DEBUG_INFO = YES;
				ONLY_ACTIVE_ARCH = YES;
				SDKROOT = iphoneos;
			};
			name = Debug;
		};
		875E8F7E1AB32A84002AB3AC /* Release */ = {
			isa = XCBuildConfiguration;
			buildSettings = {
				ALWAYS_SEARCH_USER_PATHS = NO;
				CLANG_CXX_LANGUAGE_STANDARD = "gnu++0x";
				CLANG_CXX_LIBRARY = "libc++";
				CLANG_ENABLE_MODULES = YES;
				CLANG_ENABLE_OBJC_ARC = YES;
				CLANG_WARN_BOOL_CONVERSION = YES;
				CLANG_WARN_CONSTANT_CONVERSION = YES;
				CLANG_WARN_DIRECT_OBJC_ISA_USAGE = YES_ERROR;
				CLANG_WARN_EMPTY_BODY = YES;
				CLANG_WARN_ENUM_CONVERSION = YES;
				CLANG_WARN_INT_CONVERSION = YES;
				CLANG_WARN_OBJC_ROOT_CLASS = YES_ERROR;
				CLANG_WARN_UNREACHABLE_CODE = YES;
				CLANG_WARN__DUPLICATE_METHOD_MATCH = YES;
				"CODE_SIGN_IDENTITY[sdk=iphoneos*]" = "iPhone Developer";
				COPY_PHASE_STRIP = NO;
				ENABLE_NS_ASSERTIONS = NO;
				ENABLE_STRICT_OBJC_MSGSEND = YES;
				GCC_C_LANGUAGE_STANDARD = gnu99;
				GCC_WARN_64_TO_32_BIT_CONVERSION = YES;
				GCC_WARN_ABOUT_RETURN_TYPE = YES_ERROR;
				GCC_WARN_UNDECLARED_SELECTOR = YES;
				GCC_WARN_UNINITIALIZED_AUTOS = YES_AGGRESSIVE;
				GCC_WARN_UNUSED_FUNCTION = YES;
				GCC_WARN_UNUSED_VARIABLE = YES;
				IPHONEOS_DEPLOYMENT_TARGET = 8.2;
				MTL_ENABLE_DEBUG_INFO = NO;
				SDKROOT = iphoneos;
				VALIDATE_PRODUCT = YES;
			};
			name = Release;
		};
		875E8F801AB32A84002AB3AC /* Debug */ = {
			isa = XCBuildConfiguration;
			buildSettings = {
				ASSETCATALOG_COMPILER_APPICON_NAME = AppIcon;
				INFOPLIST_FILE = ModelViewController/Info.plist;
				LD_RUNPATH_SEARCH_PATHS = "$(inherited) @executable_path/Frameworks";
				PRODUCT_NAME = "$(TARGET_NAME)";
			};
			name = Debug;
		};
		875E8F811AB32A84002AB3AC /* Release */ = {
			isa = XCBuildConfiguration;
			buildSettings = {
				ASSETCATALOG_COMPILER_APPICON_NAME = AppIcon;
				INFOPLIST_FILE = ModelViewController/Info.plist;
				LD_RUNPATH_SEARCH_PATHS = "$(inherited) @executable_path/Frameworks";
				PRODUCT_NAME = "$(TARGET_NAME)";
			};
			name = Release;
		};
		875E8F831AB32A84002AB3AC /* Debug */ = {
			isa = XCBuildConfiguration;
			buildSettings = {
				BUNDLE_LOADER = "$(TEST_HOST)";
				FRAMEWORK_SEARCH_PATHS = (
					"$(SDKROOT)/Developer/Library/Frameworks",
					"$(inherited)",
				);
				GCC_PREPROCESSOR_DEFINITIONS = (
					"DEBUG=1",
					"$(inherited)",
				);
				INFOPLIST_FILE = ModelViewControllerTests/Info.plist;
				LD_RUNPATH_SEARCH_PATHS = "$(inherited) @executable_path/Frameworks @loader_path/Frameworks";
				PRODUCT_NAME = "$(TARGET_NAME)";
				TEST_HOST = "$(BUILT_PRODUCTS_DIR)/ModelViewController.app/ModelViewController";
			};
			name = Debug;
		};
		875E8F841AB32A84002AB3AC /* Release */ = {
			isa = XCBuildConfiguration;
			buildSettings = {
				BUNDLE_LOADER = "$(TEST_HOST)";
				FRAMEWORK_SEARCH_PATHS = (
					"$(SDKROOT)/Developer/Library/Frameworks",
					"$(inherited)",
				);
				INFOPLIST_FILE = ModelViewControllerTests/Info.plist;
				LD_RUNPATH_SEARCH_PATHS = "$(inherited) @executable_path/Frameworks @loader_path/Frameworks";
				PRODUCT_NAME = "$(TARGET_NAME)";
				TEST_HOST = "$(BUILT_PRODUCTS_DIR)/ModelViewController.app/ModelViewController";
			};
			name = Release;
		};
/* End XCBuildConfiguration section */

/* Begin XCConfigurationList section */
		875E8F571AB32A84002AB3AC /* Build configuration list for PBXProject "ModelViewController" */ = {
			isa = XCConfigurationList;
			buildConfigurations = (
				875E8F7D1AB32A84002AB3AC /* Debug */,
				875E8F7E1AB32A84002AB3AC /* Release */,
			);
			defaultConfigurationIsVisible = 0;
			defaultConfigurationName = Release;
		};
		875E8F7F1AB32A84002AB3AC /* Build configuration list for PBXNativeTarget "ModelViewController" */ = {
			isa = XCConfigurationList;
			buildConfigurations = (
				875E8F801AB32A84002AB3AC /* Debug */,
				875E8F811AB32A84002AB3AC /* Release */,
			);
			defaultConfigurationIsVisible = 0;
		};
		875E8F821AB32A84002AB3AC /* Build configuration list for PBXNativeTarget "ModelViewControllerTests" */ = {
			isa = XCConfigurationList;
			buildConfigurations = (
				875E8F831AB32A84002AB3AC /* Debug */,
				875E8F841AB32A84002AB3AC /* Release */,
			);
			defaultConfigurationIsVisible = 0;
		};
/* End XCConfigurationList section */
	};
	rootObject = 875E8F541AB32A84002AB3AC /* Project object */;
}
